
Microsoft Visual Studio Solution File, Format Version 12.00
# Visual Studio Version 16
VisualStudioVersion = 16.0.29728.190
MinimumVisualStudioVersion = 10.0.40219.1
Project("{9A19103F-16F7-4668-BE54-9A1E7A4F7556}") = "qmap", "qmap.csproj", "{4160EA00-7045-4F1C-96D9-3B7ED0D6CB6C}"
EndProject
Global
	GlobalSection(SolutionConfigurationPlatforms) = preSolution
		Debug|Any CPU = Debug|Any CPU
		Release|Any CPU = Release|Any CPU
	EndGlobalSection
	GlobalSection(ProjectConfigurationPlatforms) = postSolution
		{4160EA00-7045-4F1C-96D9-3B7ED0D6CB6C}.Debug|Any CPU.ActiveCfg = Debug|Any CPU
		{4160EA00-7045-4F1C-96D9-3B7ED0D6CB6C}.Debug|Any CPU.Build.0 = Debug|Any CPU
		{4160EA00-7045-4F1C-96D9-3B7ED0D6CB6C}.Release|Any CPU.ActiveCfg = Release|Any CPU
		{4160EA00-7045-4F1C-96D9-3B7ED0D6CB6C}.Release|Any CPU.Build.0 = Release|Any CPU
	EndGlobalSection
	GlobalSection(SolutionProperties) = preSolution
		HideSolutionNode = FALSE
	EndGlobalSection
	GlobalSection(ExtensibilityGlobals) = postSolution
		SolutionGuid = {A16DAD9E-2F0C-4D2A-BBF7-8573D643C1B4}
	EndGlobalSection
EndGlobal
